// !$*UTF8*$!
{
	archiveVersion = 1;
	classes = {
	};
	objectVersion = 46;
	objects = {

/* Begin PBXBuildFile section */
		211985EB19B01123007DAB2D /* IMG_1115.PNG in Resources */ = {isa = PBXBuildFile; fileRef = 211985EA19B01123007DAB2D /* IMG_1115.PNG */; };
		213D865019AF5E04006DD902 /* Foundation.framework in Frameworks */ = {isa = PBXBuildFile; fileRef = 213D864F19AF5E04006DD902 /* Foundation.framework */; };
		213D865219AF5E04006DD902 /* CoreGraphics.framework in Frameworks */ = {isa = PBXBuildFile; fileRef = 213D865119AF5E04006DD902 /* CoreGraphics.framework */; };
		213D865419AF5E04006DD902 /* UIKit.framework in Frameworks */ = {isa = PBXBuildFile; fileRef = 213D865319AF5E04006DD902 /* UIKit.framework */; };
		213D865A19AF5E04006DD902 /* InfoPlist.strings in Resources */ = {isa = PBXBuildFile; fileRef = 213D865819AF5E04006DD902 /* InfoPlist.strings */; };
		213D865C19AF5E04006DD902 /* main.m in Sources */ = {isa = PBXBuildFile; fileRef = 213D865B19AF5E04006DD902 /* main.m */; };
		213D866019AF5E04006DD902 /* AppDelegate.m in Sources */ = {isa = PBXBuildFile; fileRef = 213D865F19AF5E04006DD902 /* AppDelegate.m */; };
		213D866319AF5E04006DD902 /* Main.storyboard in Resources */ = {isa = PBXBuildFile; fileRef = 213D866119AF5E04006DD902 /* Main.storyboard */; };
		213D866619AF5E04006DD902 /* ViewController.m in Sources */ = {isa = PBXBuildFile; fileRef = 213D866519AF5E04006DD902 /* ViewController.m */; };
		213D866819AF5E04006DD902 /* Images.xcassets in Resources */ = {isa = PBXBuildFile; fileRef = 213D866719AF5E04006DD902 /* Images.xcassets */; };
		213D866F19AF5E04006DD902 /* XCTest.framework in Frameworks */ = {isa = PBXBuildFile; fileRef = 213D866E19AF5E04006DD902 /* XCTest.framework */; };
		213D867019AF5E04006DD902 /* Foundation.framework in Frameworks */ = {isa = PBXBuildFile; fileRef = 213D864F19AF5E04006DD902 /* Foundation.framework */; };
		213D867119AF5E04006DD902 /* UIKit.framework in Frameworks */ = {isa = PBXBuildFile; fileRef = 213D865319AF5E04006DD902 /* UIKit.framework */; };
		213D867919AF5E04006DD902 /* InfoPlist.strings in Resources */ = {isa = PBXBuildFile; fileRef = 213D867719AF5E04006DD902 /* InfoPlist.strings */; };
		213D867B19AF5E04006DD902 /* MyRatingBarTests.m in Sources */ = {isa = PBXBuildFile; fileRef = 213D867A19AF5E04006DD902 /* MyRatingBarTests.m */; };
		213D868719AF5F38006DD902 /* RatingBar.m in Sources */ = {isa = PBXBuildFile; fileRef = 213D868619AF5F38006DD902 /* RatingBar.m */; };
		5CE295EE1AA4798000B7BD8D /* Images.xcassets in Resources */ = {isa = PBXBuildFile; fileRef = 5CE295ED1AA4798000B7BD8D /* Images.xcassets */; };
/* End PBXBuildFile section */

/* Begin PBXContainerItemProxy section */
		213D867219AF5E04006DD902 /* PBXContainerItemProxy */ = {
			isa = PBXContainerItemProxy;
			containerPortal = 213D864419AF5E04006DD902 /* Project object */;
			proxyType = 1;
			remoteGlobalIDString = 213D864B19AF5E04006DD902;
			remoteInfo = MyRatingBar;
		};
/* End PBXContainerItemProxy section */

/* Begin PBXFileReference section */
		211985EA19B01123007DAB2D /* IMG_1115.PNG */ = {isa = PBXFileReference; lastKnownFileType = image.png; path = IMG_1115.PNG; sourceTree = "<group>"; };
		213D864C19AF5E04006DD902 /* MyRatingBar.app */ = {isa = PBXFileReference; explicitFileType = wrapper.application; includeInIndex = 0; path = MyRatingBar.app; sourceTree = BUILT_PRODUCTS_DIR; };
		213D864F19AF5E04006DD902 /* Foundation.framework */ = {isa = PBXFileReference; lastKnownFileType = wrapper.framework; name = Foundation.framework; path = System/Library/Frameworks/Foundation.framework; sourceTree = SDKROOT; };
		213D865119AF5E04006DD902 /* CoreGraphics.framework */ = {isa = PBXFileReference; lastKnownFileType = wrapper.framework; name = CoreGraphics.framework; path = System/Library/Frameworks/CoreGraphics.framework; sourceTree = SDKROOT; };
		213D865319AF5E04006DD902 /* UIKit.framework */ = {isa = PBXFileReference; lastKnownFileType = wrapper.framework; name = UIKit.framework; path = System/Library/Frameworks/UIKit.framework; sourceTree = SDKROOT; };
		213D865719AF5E04006DD902 /* MyRatingBar-Info.plist */ = {isa = PBXFileReference; lastKnownFileType = text.plist.xml; path = "MyRatingBar-Info.plist"; sourceTree = "<group>"; };
		213D865919AF5E04006DD902 /* en */ = {isa = PBXFileReference; lastKnownFileType = text.plist.strings; name = en; path = en.lproj/InfoPlist.strings; sourceTree = "<group>"; };
		213D865B19AF5E04006DD902 /* main.m */ = {isa = PBXFileReference; lastKnownFileType = sourcecode.c.objc; path = main.m; sourceTree = "<group>"; };
		213D865D19AF5E04006DD902 /* MyRatingBar-Prefix.pch */ = {isa = PBXFileReference; lastKnownFileType = sourcecode.c.h; path = "MyRatingBar-Prefix.pch"; sourceTree = "<group>"; };
		213D865E19AF5E04006DD902 /* AppDelegate.h */ = {isa = PBXFileReference; lastKnownFileType = sourcecode.c.h; path = AppDelegate.h; sourceTree = "<group>"; };
		213D865F19AF5E04006DD902 /* AppDelegate.m */ = {isa = PBXFileReference; lastKnownFileType = sourcecode.c.objc; path = AppDelegate.m; sourceTree = "<group>"; };
		213D866219AF5E04006DD902 /* Base */ = {isa = PBXFileReference; lastKnownFileType = file.storyboard; name = Base; path = Base.lproj/Main.storyboard; sourceTree = "<group>"; };
		213D866419AF5E04006DD902 /* ViewController.h */ = {isa = PBXFileReference; lastKnownFileType = sourcecode.c.h; path = ViewController.h; sourceTree = "<group>"; };
		213D866519AF5E04006DD902 /* ViewController.m */ = {isa = PBXFileReference; lastKnownFileType = sourcecode.c.objc; path = ViewController.m; sourceTree = "<group>"; };
		213D866719AF5E04006DD902 /* Images.xcassets */ = {isa = PBXFileReference; lastKnownFileType = folder.assetcatalog; path = Images.xcassets; sourceTree = "<group>"; };
		213D866D19AF5E04006DD902 /* MyRatingBarTests.xctest */ = {isa = PBXFileReference; explicitFileType = wrapper.cfbundle; includeInIndex = 0; path = MyRatingBarTests.xctest; sourceTree = BUILT_PRODUCTS_DIR; };
		213D866E19AF5E04006DD902 /* XCTest.framework */ = {isa = PBXFileReference; lastKnownFileType = wrapper.framework; name = XCTest.framework; path = Library/Frameworks/XCTest.framework; sourceTree = DEVELOPER_DIR; };
		213D867619AF5E04006DD902 /* MyRatingBarTests-Info.plist */ = {isa = PBXFileReference; lastKnownFileType = text.plist.xml; path = "MyRatingBarTests-Info.plist"; sourceTree = "<group>"; };
		213D867819AF5E04006DD902 /* en */ = {isa = PBXFileReference; lastKnownFileType = text.plist.strings; name = en; path = en.lproj/InfoPlist.strings; sourceTree = "<group>"; };
		213D867A19AF5E04006DD902 /* MyRatingBarTests.m */ = {isa = PBXFileReference; lastKnownFileType = sourcecode.c.objc; path = MyRatingBarTests.m; sourceTree = "<group>"; };
		213D868519AF5F38006DD902 /* RatingBar.h */ = {isa = PBXFileReference; fileEncoding = 4; lastKnownFileType = sourcecode.c.h; path = RatingBar.h; sourceTree = "<group>"; };
		213D868619AF5F38006DD902 /* RatingBar.m */ = {isa = PBXFileReference; fileEncoding = 4; lastKnownFileType = sourcecode.c.objc; path = RatingBar.m; sourceTree = "<group>"; };
		5CE295ED1AA4798000B7BD8D /* Images.xcassets */ = {isa = PBXFileReference; lastKnownFileType = folder.assetcatalog; path = Images.xcassets; sourceTree = "<group>"; };
/* End PBXFileReference section */

/* Begin PBXFrameworksBuildPhase section */
		213D864919AF5E04006DD902 /* Frameworks */ = {
			isa = PBXFrameworksBuildPhase;
			buildActionMask = 2147483647;
			files = (
				213D865219AF5E04006DD902 /* CoreGraphics.framework in Frameworks */,
				213D865419AF5E04006DD902 /* UIKit.framework in Frameworks */,
				213D865019AF5E04006DD902 /* Foundation.framework in Frameworks */,
			);
			runOnlyForDeploymentPostprocessing = 0;
		};
		213D866A19AF5E04006DD902 /* Frameworks */ = {
			isa = PBXFrameworksBuildPhase;
			buildActionMask = 2147483647;
			files = (
				213D866F19AF5E04006DD902 /* XCTest.framework in Frameworks */,
				213D867119AF5E04006DD902 /* UIKit.framework in Frameworks */,
				213D867019AF5E04006DD902 /* Foundation.framework in Frameworks */,
			);
			runOnlyForDeploymentPostprocessing = 0;
		};
/* End PBXFrameworksBuildPhase section */

/* Begin PBXGroup section */
		213D864319AF5E04006DD902 = {
			isa = PBXGroup;
			children = (
				213D868419AF5F11006DD902 /* RatingBar */,
				213D865519AF5E04006DD902 /* MyRatingBar */,
				213D867419AF5E04006DD902 /* MyRatingBarTests */,
				213D864E19AF5E04006DD902 /* Frameworks */,
				213D864D19AF5E04006DD902 /* Products */,
			);
			sourceTree = "<group>";
		};
		213D864D19AF5E04006DD902 /* Products */ = {
			isa = PBXGroup;
			children = (
				213D864C19AF5E04006DD902 /* MyRatingBar.app */,
				213D866D19AF5E04006DD902 /* MyRatingBarTests.xctest */,
			);
			name = Products;
			sourceTree = "<group>";
		};
		213D864E19AF5E04006DD902 /* Frameworks */ = {
			isa = PBXGroup;
			children = (
				213D864F19AF5E04006DD902 /* Foundation.framework */,
				213D865119AF5E04006DD902 /* CoreGraphics.framework */,
				213D865319AF5E04006DD902 /* UIKit.framework */,
				213D866E19AF5E04006DD902 /* XCTest.framework */,
			);
			name = Frameworks;
			sourceTree = "<group>";
		};
		213D865519AF5E04006DD902 /* MyRatingBar */ = {
			isa = PBXGroup;
			children = (
				211985EA19B01123007DAB2D /* IMG_1115.PNG */,
				213D865E19AF5E04006DD902 /* AppDelegate.h */,
				213D865F19AF5E04006DD902 /* AppDelegate.m */,
				213D866119AF5E04006DD902 /* Main.storyboard */,
				213D866419AF5E04006DD902 /* ViewController.h */,
				213D866519AF5E04006DD902 /* ViewController.m */,
				213D866719AF5E04006DD902 /* Images.xcassets */,
				213D865619AF5E04006DD902 /* Supporting Files */,
			);
			path = MyRatingBar;
			sourceTree = "<group>";
		};
		213D865619AF5E04006DD902 /* Supporting Files */ = {
			isa = PBXGroup;
			children = (
				213D865719AF5E04006DD902 /* MyRatingBar-Info.plist */,
				213D865819AF5E04006DD902 /* InfoPlist.strings */,
				213D865B19AF5E04006DD902 /* main.m */,
				213D865D19AF5E04006DD902 /* MyRatingBar-Prefix.pch */,
			);
			name = "Supporting Files";
			sourceTree = "<group>";
		};
		213D867419AF5E04006DD902 /* MyRatingBarTests */ = {
			isa = PBXGroup;
			children = (
				213D867A19AF5E04006DD902 /* MyRatingBarTests.m */,
				213D867519AF5E04006DD902 /* Supporting Files */,
			);
			path = MyRatingBarTests;
			sourceTree = "<group>";
		};
		213D867519AF5E04006DD902 /* Supporting Files */ = {
			isa = PBXGroup;
			children = (
				213D867619AF5E04006DD902 /* MyRatingBarTests-Info.plist */,
				213D867719AF5E04006DD902 /* InfoPlist.strings */,
			);
			name = "Supporting Files";
			sourceTree = "<group>";
		};
		213D868419AF5F11006DD902 /* RatingBar */ = {
			isa = PBXGroup;
			children = (
				213D868519AF5F38006DD902 /* RatingBar.h */,
				213D868619AF5F38006DD902 /* RatingBar.m */,
				5CE295ED1AA4798000B7BD8D /* Images.xcassets */,
			);
			path = RatingBar;
			sourceTree = "<group>";
		};
/* End PBXGroup section */

/* Begin PBXNativeTarget section */
		213D864B19AF5E04006DD902 /* MyRatingBar */ = {
			isa = PBXNativeTarget;
			buildConfigurationList = 213D867E19AF5E04006DD902 /* Build configuration list for PBXNativeTarget "MyRatingBar" */;
			buildPhases = (
				213D864819AF5E04006DD902 /* Sources */,
				213D864919AF5E04006DD902 /* Frameworks */,
				213D864A19AF5E04006DD902 /* Resources */,
			);
			buildRules = (
			);
			dependencies = (
			);
			name = MyRatingBar;
			productName = MyRatingBar;
			productReference = 213D864C19AF5E04006DD902 /* MyRatingBar.app */;
			productType = "com.apple.product-type.application";
		};
		213D866C19AF5E04006DD902 /* MyRatingBarTests */ = {
			isa = PBXNativeTarget;
			buildConfigurationList = 213D868119AF5E04006DD902 /* Build configuration list for PBXNativeTarget "MyRatingBarTests" */;
			buildPhases = (
				213D866919AF5E04006DD902 /* Sources */,
				213D866A19AF5E04006DD902 /* Frameworks */,
				213D866B19AF5E04006DD902 /* Resources */,
			);
			buildRules = (
			);
			dependencies = (
				213D867319AF5E04006DD902 /* PBXTargetDependency */,
			);
			name = MyRatingBarTests;
			productName = MyRatingBarTests;
			productReference = 213D866D19AF5E04006DD902 /* MyRatingBarTests.xctest */;
			productType = "com.apple.product-type.bundle.unit-test";
		};
/* End PBXNativeTarget section */

/* Begin PBXProject section */
		213D864419AF5E04006DD902 /* Project object */ = {
			isa = PBXProject;
			attributes = {
				LastUpgradeCheck = 0510;
				ORGANIZATIONNAME = Leaf;
				TargetAttributes = {
					213D866C19AF5E04006DD902 = {
						TestTargetID = 213D864B19AF5E04006DD902;
					};
				};
			};
			buildConfigurationList = 213D864719AF5E04006DD902 /* Build configuration list for PBXProject "MyRatingBar" */;
			compatibilityVersion = "Xcode 3.2";
			developmentRegion = English;
			hasScannedForEncodings = 0;
			knownRegions = (
				en,
				Base,
			);
			mainGroup = 213D864319AF5E04006DD902;
			productRefGroup = 213D864D19AF5E04006DD902 /* Products */;
			projectDirPath = "";
			projectRoot = "";
			targets = (
				213D864B19AF5E04006DD902 /* MyRatingBar */,
				213D866C19AF5E04006DD902 /* MyRatingBarTests */,
			);
		};
/* End PBXProject section */

/* Begin PBXResourcesBuildPhase section */
		213D864A19AF5E04006DD902 /* Resources */ = {
			isa = PBXResourcesBuildPhase;
			buildActionMask = 2147483647;
			files = (
				5CE295EE1AA4798000B7BD8D /* Images.xcassets in Resources */,
				213D866819AF5E04006DD902 /* Images.xcassets in Resources */,
				211985EB19B01123007DAB2D /* IMG_1115.PNG in Resources */,
				213D865A19AF5E04006DD902 /* InfoPlist.strings in Resources */,
				213D866319AF5E04006DD902 /* Main.storyboard in Resources */,
			);
			runOnlyForDeploymentPostprocessing = 0;
		};
		213D866B19AF5E04006DD902 /* Resources */ = {
			isa = PBXResourcesBuildPhase;
			buildActionMask = 2147483647;
			files = (
				213D867919AF5E04006DD902 /* InfoPlist.strings in Resources */,
			);
			runOnlyForDeploymentPostprocessing = 0;
		};
/* End PBXResourcesBuildPhase section */

/* Begin PBXSourcesBuildPhase section */
		213D864819AF5E04006DD902 /* Sources */ = {
			isa = PBXSourcesBuildPhase;
			buildActionMask = 2147483647;
			files = (
				213D868719AF5F38006DD902 /* RatingBar.m in Sources */,
				213D866619AF5E04006DD902 /* ViewController.m in Sources */,
				213D866019AF5E04006DD902 /* AppDelegate.m in Sources */,
				213D865C19AF5E04006DD902 /* main.m in Sources */,
			);
			runOnlyForDeploymentPostprocessing = 0;
		};
		213D866919AF5E04006DD902 /* Sources */ = {
			isa = PBXSourcesBuildPhase;
			buildActionMask = 2147483647;
			files = (
				213D867B19AF5E04006DD902 /* MyRatingBarTests.m in Sources */,
			);
			runOnlyForDeploymentPostprocessing = 0;
		};
/* End PBXSourcesBuildPhase section */

/* Begin PBXTargetDependency section */
		213D867319AF5E04006DD902 /* PBXTargetDependency */ = {
			isa = PBXTargetDependency;
			target = 213D864B19AF5E04006DD902 /* MyRatingBar */;
			targetProxy = 213D867219AF5E04006DD902 /* PBXContainerItemProxy */;
		};
/* End PBXTargetDependency section */

/* Begin PBXVariantGroup section */
		213D865819AF5E04006DD902 /* InfoPlist.strings */ = {
			isa = PBXVariantGroup;
			children = (
				213D865919AF5E04006DD902 /* en */,
			);
			name = InfoPlist.strings;
			sourceTree = "<group>";
		};
		213D866119AF5E04006DD902 /* Main.storyboard */ = {
			isa = PBXVariantGroup;
			children = (
				213D866219AF5E04006DD902 /* Base */,
			);
			name = Main.storyboard;
			sourceTree = "<group>";
		};
		213D867719AF5E04006DD902 /* InfoPlist.strings */ = {
			isa = PBXVariantGroup;
			children = (
				213D867819AF5E04006DD902 /* en */,
			);
			name = InfoPlist.strings;
			sourceTree = "<group>";
		};
/* End PBXVariantGroup section */

/* Begin XCBuildConfiguration section */
		213D867C19AF5E04006DD902 /* Debug */ = {
			isa = XCBuildConfiguration;
			buildSettings = {
				ALWAYS_SEARCH_USER_PATHS = NO;
				CLANG_CXX_LANGUAGE_STANDARD = "gnu++0x";
				CLANG_CXX_LIBRARY = "libc++";
				CLANG_ENABLE_MODULES = YES;
				CLANG_ENABLE_OBJC_ARC = YES;
				CLANG_WARN_BOOL_CONVERSION = YES;
				CLANG_WARN_CONSTANT_CONVERSION = YES;
				CLANG_WARN_DIRECT_OBJC_ISA_USAGE = YES_ERROR;
				CLANG_WARN_EMPTY_BODY = YES;
				CLANG_WARN_ENUM_CONVERSION = YES;
				CLANG_WARN_INT_CONVERSION = YES;
				CLANG_WARN_OBJC_ROOT_CLASS = YES_ERROR;
				CLANG_WARN__DUPLICATE_METHOD_MATCH = YES;
				"CODE_SIGN_IDENTITY[sdk=iphoneos*]" = "iPhone Developer";
				COPY_PHASE_STRIP = NO;
				GCC_C_LANGUAGE_STANDARD = gnu99;
				GCC_DYNAMIC_NO_PIC = NO;
				GCC_OPTIMIZATION_LEVEL = 0;
				GCC_PREPROCESSOR_DEFINITIONS = (
					"DEBUG=1",
					"$(inherited)",
				);
				GCC_SYMBOLS_PRIVATE_EXTERN = NO;
				GCC_WARN_64_TO_32_BIT_CONVERSION = YES;
				GCC_WARN_ABOUT_RETURN_TYPE = YES_ERROR;
				GCC_WARN_UNDECLARED_SELECTOR = YES;
				GCC_WARN_UNINITIALIZED_AUTOS = YES_AGGRESSIVE;
				GCC_WARN_UNUSED_FUNCTION = YES;
				GCC_WARN_UNUSED_VARIABLE = YES;
				IPHONEOS_DEPLOYMENT_TARGET = 7.1;
				ONLY_ACTIVE_ARCH = YES;
				SDKROOT = iphoneos;
			};
			name = Debug;
		};
		213D867D19AF5E04006DD902 /* Release */ = {
			isa = XCBuildConfiguration;
			buildSettings = {
				ALWAYS_SEARCH_USER_PATHS = NO;
				CLANG_CXX_LANGUAGE_STANDARD = "gnu++0x";
				CLANG_CXX_LIBRARY = "libc++";
				CLANG_ENABLE_MODULES = YES;
				CLANG_ENABLE_OBJC_ARC = YES;
				CLANG_WARN_BOOL_CONVERSION = YES;
				CLANG_WARN_CONSTANT_CONVERSION = YES;
				CLANG_WARN_DIRECT_OBJC_ISA_USAGE = YES_ERROR;
				CLANG_WARN_EMPTY_BODY = YES;
				CLANG_WARN_ENUM_CONVERSION = YES;
				CLANG_WARN_INT_CONVERSION = YES;
				CLANG_WARN_OBJC_ROOT_CLASS = YES_ERROR;
				CLANG_WARN__DUPLICATE_METHOD_MATCH = YES;
				"CODE_SIGN_IDENTITY[sdk=iphoneos*]" = "iPhone Developer";
				COPY_PHASE_STRIP = YES;
				ENABLE_NS_ASSERTIONS = NO;
				GCC_C_LANGUAGE_STANDARD = gnu99;
				GCC_WARN_64_TO_32_BIT_CONVERSION = YES;
				GCC_WARN_ABOUT_RETURN_TYPE = YES_ERROR;
				GCC_WARN_UNDECLARED_SELECTOR = YES;
				GCC_WARN_UNINITIALIZED_AUTOS = YES_AGGRESSIVE;
				GCC_WARN_UNUSED_FUNCTION = YES;
				GCC_WARN_UNUSED_VARIABLE = YES;
				IPHONEOS_DEPLOYMENT_TARGET = 7.1;
				SDKROOT = iphoneos;
				VALIDATE_PRODUCT = YES;
			};
			name = Release;
		};
		213D867F19AF5E04006DD902 /* Debug */ = {
			isa = XCBuildConfiguration;
			buildSettings = {
				ASSETCATALOG_COMPILER_APPICON_NAME = AppIcon;
				ASSETCATALOG_COMPILER_LAUNCHIMAGE_NAME = LaunchImage;
				CODE_SIGN_IDENTITY = "iPhone Developer";
				GCC_PRECOMPILE_PREFIX_HEADER = YES;
				GCC_PREFIX_HEADER = "MyRatingBar/MyRatingBar-Prefix.pch";
				INFOPLIST_FILE = "MyRatingBar/MyRatingBar-Info.plist";
				PRODUCT_NAME = "$(TARGET_NAME)";
				WRAPPER_EXTENSION = app;
			};
			name = Debug;
		};
		213D868019AF5E04006DD902 /* Release */ = {
			isa = XCBuildConfiguration;
			buildSettings = {
				ASSETCATALOG_COMPILER_APPICON_NAME = AppIcon;
				ASSETCATALOG_COMPILER_LAUNCHIMAGE_NAME = LaunchImage;
				CODE_SIGN_IDENTITY = "iPhone Developer";
				GCC_PRECOMPILE_PREFIX_HEADER = YES;
				GCC_PREFIX_HEADER = "MyRatingBar/MyRatingBar-Prefix.pch";
				INFOPLIST_FILE = "MyRatingBar/MyRatingBar-Info.plist";
				PRODUCT_NAME = "$(TARGET_NAME)";
				WRAPPER_EXTENSION = app;
			};
			name = Release;
		};
		213D868219AF5E04006DD902 /* Debug */ = {
			isa = XCBuildConfiguration;
			buildSettings = {
				BUNDLE_LOADER = "$(BUILT_PRODUCTS_DIR)/MyRatingBar.app/MyRatingBar";
				FRAMEWORK_SEARCH_PATHS = (
					"$(SDKROOT)/Developer/Library/Frameworks",
					"$(inherited)",
					"$(DEVELOPER_FRAMEWORKS_DIR)",
				);
				GCC_PRECOMPILE_PREFIX_HEADER = YES;
				GCC_PREFIX_HEADER = "MyRatingBar/MyRatingBar-Prefix.pch";
				GCC_PREPROCESSOR_DEFINITIONS = (
					"DEBUG=1",
					"$(inherited)",
				);
				INFOPLIST_FILE = "MyRatingBarTests/MyRatingBarTests-Info.plist";
				PRODUCT_NAME = "$(TARGET_NAME)";
				TEST_HOST = "$(BUNDLE_LOADER)";
				WRAPPER_EXTENSION = xctest;
			};
			name = Debug;
		};
		213D868319AF5E04006DD902 /* Release */ = {
			isa = XCBuildConfiguration;
			buildSettings = {
				BUNDLE_LOADER = "$(BUILT_PRODUCTS_DIR)/MyRatingBar.app/MyRatingBar";
				FRAMEWORK_SEARCH_PATHS = (
					"$(SDKROOT)/Developer/Library/Frameworks",
					"$(inherited)",
					"$(DEVELOPER_FRAMEWORKS_DIR)",
				);
				GCC_PRECOMPILE_PREFIX_HEADER = YES;
				GCC_PREFIX_HEADER = "MyRatingBar/MyRatingBar-Prefix.pch";
				INFOPLIST_FILE = "MyRatingBarTests/MyRatingBarTests-Info.plist";
				PRODUCT_NAME = "$(TARGET_NAME)";
				TEST_HOST = "$(BUNDLE_LOADER)";
				WRAPPER_EXTENSION = xctest;
			};
			name = Release;
		};
/* End XCBuildConfiguration section */

/* Begin XCConfigurationList section */
		213D864719AF5E04006DD902 /* Build configuration list for PBXProject "MyRatingBar" */ = {
			isa = XCConfigurationList;
			buildConfigurations = (
				213D867C19AF5E04006DD902 /* Debug */,
				213D867D19AF5E04006DD902 /* Release */,
			);
			defaultConfigurationIsVisible = 0;
			defaultConfigurationName = Release;
		};
		213D867E19AF5E04006DD902 /* Build configuration list for PBXNativeTarget "MyRatingBar" */ = {
			isa = XCConfigurationList;
			buildConfigurations = (
				213D867F19AF5E04006DD902 /* Debug */,
				213D868019AF5E04006DD902 /* Release */,
			);
			defaultConfigurationIsVisible = 0;
			defaultConfigurationName = Release;
		};
		213D868119AF5E04006DD902 /* Build configuration list for PBXNativeTarget "MyRatingBarTests" */ = {
			isa = XCConfigurationList;
			buildConfigurations = (
				213D868219AF5E04006DD902 /* Debug */,
				213D868319AF5E04006DD902 /* Release */,
			);
			defaultConfigurationIsVisible = 0;
			defaultConfigurationName = Release;
		};
/* End XCConfigurationList section */
	};
	rootObject = 213D864419AF5E04006DD902 /* Project object */;
}
